
Microsoft Visual Studio Solution File, Format Version 11.00
# Visual Studio 2010
Project("{8BC9CEB8-8B4A-11D0-8D11-00A0C91BC942}") = "VM", "SVM\SVM.vcxproj", "{60DC071E-6DC0-4212-8EC4-CED35E2FF7FA}"
EndProject
Project("{8BC9CEB8-8B4A-11D0-8D11-00A0C91BC942}") = "VMASM", "VMASM\VMASM.vcxproj", "{B26FBBC3-F657-4DE0-BC04-D242BF317BFD}"
EndProject
Global
	GlobalSection(SolutionConfigurationPlatforms) = preSolution
		Debug|Win32 = Debug|Win32
		Release|Win32 = Release|Win32
	EndGlobalSection
	GlobalSection(ProjectConfigurationPlatforms) = postSolution
		{60DC071E-6DC0-4212-8EC4-CED35E2FF7FA}.Debug|Win32.ActiveCfg = Debug|Win32
		{60DC071E-6DC0-4212-8EC4-CED35E2FF7FA}.Debug|Win32.Build.0 = Debug|Win32
		{60DC071E-6DC0-4212-8EC4-CED35E2FF7FA}.Release|Win32.ActiveCfg = Release|Win32
		{60DC071E-6DC0-4212-8EC4-CED35E2FF7FA}.Release|Win32.Build.0 = Release|Win32
		{B26FBBC3-F657-4DE0-BC04-D242BF317BFD}.Debug|Win32.ActiveCfg = Debug|Win32
		{B26FBBC3-F657-4DE0-BC04-D242BF317BFD}.Debug|Win32.Build.0 = Debug|Win32
		{B26FBBC3-F657-4DE0-BC04-D242BF317BFD}.Release|Win32.ActiveCfg = Release|Win32
		{B26FBBC3-F657-4DE0-BC04-D242BF317BFD}.Release|Win32.Build.0 = Release|Win32
	EndGlobalSection
	GlobalSection(SolutionProperties) = preSolution
		HideSolutionNode = FALSE
	EndGlobalSection
EndGlobal
